
Microsoft Visual Studio Solution File, Format Version 12.00
# Visual Studio Version 17
VisualStudioVersion = 17.0.31717.71
MinimumVisualStudioVersion = 10.0.40219.1
Project("{FAE04EC0-301F-11D3-BF4B-00C04F79EFBC}") = "LoginYCalculadoras", "LoginYCalculadoras\LoginYCalculadoras.csproj", "{9DC0EC88-4034-480D-BD66-3D332D8B9B52}"
EndProject
Global
	GlobalSection(SolutionConfigurationPlatforms) = preSolution
		Debug|Any CPU = Debug|Any CPU
		Release|Any CPU = Release|Any CPU
	EndGlobalSection
	GlobalSection(ProjectConfigurationPlatforms) = postSolution
		{9DC0EC88-4034-480D-BD66-3D332D8B9B52}.Debug|Any CPU.ActiveCfg = Debug|Any CPU
		{9DC0EC88-4034-480D-BD66-3D332D8B9B52}.Debug|Any CPU.Build.0 = Debug|Any CPU
		{9DC0EC88-4034-480D-BD66-3D332D8B9B52}.Release|Any CPU.ActiveCfg = Release|Any CPU
		{9DC0EC88-4034-480D-BD66-3D332D8B9B52}.Release|Any CPU.Build.0 = Release|Any CPU
	EndGlobalSection
	GlobalSection(SolutionProperties) = preSolution
		HideSolutionNode = FALSE
	EndGlobalSection
	GlobalSection(ExtensibilityGlobals) = postSolution
		SolutionGuid = {6D11DA3B-F71F-4CDB-81AC-C85061F95AA6}
	EndGlobalSection
EndGlobal
