
Microsoft Visual Studio Solution File, Format Version 12.00
# Visual Studio Version 17
VisualStudioVersion = 17.0.31717.71
MinimumVisualStudioVersion = 10.0.40219.1
Project("{FAE04EC0-301F-11D3-BF4B-00C04F79EFBC}") = "enum", "enum\enum.csproj", "{5DF71B57-A5E4-407F-A119-09E195479B6A}"
EndProject
Global
	GlobalSection(SolutionConfigurationPlatforms) = preSolution
		Debug|Any CPU = Debug|Any CPU
		Release|Any CPU = Release|Any CPU
	EndGlobalSection
	GlobalSection(ProjectConfigurationPlatforms) = postSolution
		{5DF71B57-A5E4-407F-A119-09E195479B6A}.Debug|Any CPU.ActiveCfg = Debug|Any CPU
		{5DF71B57-A5E4-407F-A119-09E195479B6A}.Debug|Any CPU.Build.0 = Debug|Any CPU
		{5DF71B57-A5E4-407F-A119-09E195479B6A}.Release|Any CPU.ActiveCfg = Release|Any CPU
		{5DF71B57-A5E4-407F-A119-09E195479B6A}.Release|Any CPU.Build.0 = Release|Any CPU
	EndGlobalSection
	GlobalSection(SolutionProperties) = preSolution
		HideSolutionNode = FALSE
	EndGlobalSection
	GlobalSection(ExtensibilityGlobals) = postSolution
		SolutionGuid = {F6F9843A-E0C5-4CC1-9E8D-2F5F7C490D42}
	EndGlobalSection
EndGlobal
